{"is_source_file": false, "format": "", "description": "", "external_files": [], "external_methods": [], "published": [], "classes": [], "methods": [], "calls": [], "search-terms": [], "state": 2, "file_id": 1, "knowledge_revision": 22, "git_revision": "faa3e82b2cef25dfd083a16ed93cc3381a1fbe18", "filename": "/home/kavia/workspace/code-generation/focusflow-16252-a56fc8aa/focusflow_web_app/post_process_status.lock", "hash": "9c4ed7ef73e22b872b8055bec08b8979", "format-version": 4, "code-base-name": "default", "revision_history": [{"22": "faa3e82b2cef25dfd083a16ed93cc3381a1fbe18"}]}